{
  "version": 4,
  "terraform_version": "1.8.5",
  "serial": 16,
  "lineage": "d4268df6-92b7-745e-d8df-45f7ea9b0a96",
  "outputs": {
    "dataflow_job_id": {
      "value": "2026-06-03_03_28_29-6712826463759274662",
      "type": "string"
    },
    "dataflow_job_url": {
      "value": "https://console.cloud.google.com/dataflow/jobs/us-central1/2026-06-03_03_28_29-6712826463759274662",
      "type": "string"
    }
  },
  "resources": [
    {
      "mode": "data",
      "type": "google_compute_default_service_account",
      "name": "gce_account",
      "provider": "provider[\"registry.terraform.io/hashicorp/google\"]",
      "instances": [
        {
          "schema_version": 0,
          "attributes": {
            "display_name": "Compute Engine default service account",
            "email": "443856856628-compute@developer.gserviceaccount.com",
            "id": "projects/span-cloud-ck-testing-external/serviceAccounts/443856856628-compute@developer.gserviceaccount.com",
            "member": "serviceAccount:443856856628-compute@developer.gserviceaccount.com",
            "name": "projects/span-cloud-ck-testing-external/serviceAccounts/443856856628-compute@developer.gserviceaccount.com",
            "project": "span-cloud-ck-testing-external",
            "unique_id": "112173336591113827983"
          },
          "sensitive_attributes": []
        }
      ]
    },
    {
      "mode": "data",
      "type": "google_project",
      "name": "project",
      "provider": "provider[\"registry.terraform.io/hashicorp/google\"]",
      "instances": [
        {
          "schema_version": 0,
          "attributes": {
            "auto_create_network": null,
            "billing_account": "0161AC-3A2851-1A98A1",
            "folder_id": "",
            "id": "projects/span-cloud-ck-testing-external",
            "labels": {},
            "name": "span-cloud-ck-testing-external",
            "number": "443856856628",
            "org_id": "673587647347",
            "project_id": "span-cloud-ck-testing-external",
            "skip_delete": null
          },
          "sensitive_attributes": []
        }
      ]
    },
    {
      "mode": "managed",
      "type": "google_dataflow_flex_template_job",
      "name": "generated",
      "provider": "provider[\"registry.terraform.io/hashicorp/google-beta\"]",
      "instances": [
        {
          "schema_version": 1,
          "attributes": {
            "additional_experiments": [
              "disable_runner_v2",
              "use_network_tags=allow-dataflow",
              "use_network_tags_for_flex_templates=allow-dataflow"
            ],
            "additional_pipeline_options": null,
            "autoscaling_algorithm": null,
            "container_spec_gcs_path": "gs://dataflow-templates-us-central1/latest/flex/GCS_Spanner_Data_Validator",
            "create_ignore_already_exists": false,
            "deletion_policy": "DELETE",
            "effective_labels": {
              "goog-dataflow-provided-template-name": "gcs_spanner_data_validator",
              "goog-dataflow-provided-template-type": "flex",
              "goog-dataflow-provided-template-version": "2026-05-26-00_rc00",
              "goog-terraform-provisioned": "true"
            },
            "enable_streaming_engine": null,
            "id": "2026-06-03_03_28_29-6712826463759274662",
            "ip_configuration": null,
            "job_id": "2026-06-03_03_28_29-6712826463759274662",
            "kms_key_name": "",
            "labels": null,
            "launcher_machine_type": null,
            "machine_type": "n1-standard-1",
            "max_workers": 0,
            "name": "validation-terraform-test",
            "network": "default",
            "num_workers": 0,
            "on_delete": "cancel",
            "parameters": {
              "bigQueryDataset": "validation_report_dataset",
              "databaseId": "bulk_dlq_format_test",
              "gcsInputDirectory": "gs://ea-functional-tests/bulk_dlq_format_test/source-avro",
              "instanceId": "ea-functional-tests",
              "projectId": "span-cloud-ck-testing-external",
              "runId": "bulk_validation_run_test17",
              "schemaOverridesFilePath": "gs://ea-functional-tests/bulk_dlq_format_test/bulk_dlq_format_test_overrides.json"
            },
            "project": "span-cloud-ck-testing-external",
            "region": "us-central1",
            "sdk_container_image": "gcr.io/cloud-dataflow/v1beta3/beam-java17-batch:2.73.0",
            "service_account_email": "443856856628-compute@developer.gserviceaccount.com",
            "skip_wait_on_job_termination": false,
            "staging_location": "gs://dataflow-staging-us-central1-443856856628/staging",
            "state": "JOB_STATE_RUNNING",
            "subnetwork": "",
            "temp_location": "gs://dataflow-staging-us-central1-443856856628/tmp",
            "terraform_labels": {
              "goog-terraform-provisioned": "true"
            },
            "transform_name_mapping": null,
            "type": "JOB_TYPE_BATCH"
          },
          "sensitive_attributes": [],
          "private": "eyJzY2hlbWFfdmVyc2lvbiI6IjEifQ==",
          "dependencies": [
            "google_project_service.enabled_apis"
          ]
        }
      ]
    },
    {
      "mode": "managed",
      "type": "google_project_iam_member",
      "name": "validation_roles",
      "provider": "provider[\"registry.terraform.io/hashicorp/google\"]",
      "instances": [
        {
          "index_key": "roles/bigquery.dataEditor",
          "schema_version": 0,
          "attributes": {
            "condition": [],
            "etag": "BwZTVuPbDfs=",
            "id": "projects/span-cloud-ck-testing-external/roles/bigquery.dataEditor/serviceAccount:443856856628-compute@developer.gserviceaccount.com",
            "member": "serviceAccount:443856856628-compute@developer.gserviceaccount.com",
            "project": "projects/span-cloud-ck-testing-external",
            "role": "roles/bigquery.dataEditor"
          },
          "sensitive_attributes": [],
          "private": "bnVsbA==",
          "dependencies": [
            "data.google_compute_default_service_account.gce_account",
            "data.google_project.project",
            "google_project_service.enabled_apis"
          ]
        },
        {
          "index_key": "roles/bigquery.jobUser",
          "schema_version": 0,
          "attributes": {
            "condition": [],
            "etag": "BwZTVuPbDfs=",
            "id": "projects/span-cloud-ck-testing-external/roles/bigquery.jobUser/serviceAccount:443856856628-compute@developer.gserviceaccount.com",
            "member": "serviceAccount:443856856628-compute@developer.gserviceaccount.com",
            "project": "projects/span-cloud-ck-testing-external",
            "role": "roles/bigquery.jobUser"
          },
          "sensitive_attributes": [],
          "private": "bnVsbA==",
          "dependencies": [
            "data.google_compute_default_service_account.gce_account",
            "data.google_project.project",
            "google_project_service.enabled_apis"
          ]
        },
        {
          "index_key": "roles/cloudprofiler.agent",
          "schema_version": 0,
          "attributes": {
            "condition": [],
            "etag": "BwZTVuPbDfs=",
            "id": "projects/span-cloud-ck-testing-external/roles/cloudprofiler.agent/serviceAccount:443856856628-compute@developer.gserviceaccount.com",
            "member": "serviceAccount:443856856628-compute@developer.gserviceaccount.com",
            "project": "projects/span-cloud-ck-testing-external",
            "role": "roles/cloudprofiler.agent"
          },
          "sensitive_attributes": [],
          "private": "bnVsbA==",
          "dependencies": [
            "data.google_compute_default_service_account.gce_account",
            "data.google_project.project",
            "google_project_service.enabled_apis"
          ]
        },
        {
          "index_key": "roles/dataflow.admin",
          "schema_version": 0,
          "attributes": {
            "condition": [],
            "etag": "BwZTVuPbDfs=",
            "id": "projects/span-cloud-ck-testing-external/roles/dataflow.admin/serviceAccount:443856856628-compute@developer.gserviceaccount.com",
            "member": "serviceAccount:443856856628-compute@developer.gserviceaccount.com",
            "project": "projects/span-cloud-ck-testing-external",
            "role": "roles/dataflow.admin"
          },
          "sensitive_attributes": [],
          "private": "bnVsbA==",
          "dependencies": [
            "data.google_compute_default_service_account.gce_account",
            "data.google_project.project",
            "google_project_service.enabled_apis"
          ]
        },
        {
          "index_key": "roles/dataflow.worker",
          "schema_version": 0,
          "attributes": {
            "condition": [],
            "etag": "BwZTVuPbDfs=",
            "id": "projects/span-cloud-ck-testing-external/roles/dataflow.worker/serviceAccount:443856856628-compute@developer.gserviceaccount.com",
            "member": "serviceAccount:443856856628-compute@developer.gserviceaccount.com",
            "project": "projects/span-cloud-ck-testing-external",
            "role": "roles/dataflow.worker"
          },
          "sensitive_attributes": [],
          "private": "bnVsbA==",
          "dependencies": [
            "data.google_compute_default_service_account.gce_account",
            "data.google_project.project",
            "google_project_service.enabled_apis"
          ]
        },
        {
          "index_key": "roles/monitoring.metricWriter",
          "schema_version": 0,
          "attributes": {
            "condition": [],
            "etag": "BwZTVuPbDfs=",
            "id": "projects/span-cloud-ck-testing-external/roles/monitoring.metricWriter/serviceAccount:443856856628-compute@developer.gserviceaccount.com",
            "member": "serviceAccount:443856856628-compute@developer.gserviceaccount.com",
            "project": "projects/span-cloud-ck-testing-external",
            "role": "roles/monitoring.metricWriter"
          },
          "sensitive_attributes": [],
          "private": "bnVsbA==",
          "dependencies": [
            "data.google_compute_default_service_account.gce_account",
            "data.google_project.project",
            "google_project_service.enabled_apis"
          ]
        },
        {
          "index_key": "roles/spanner.databaseReader",
          "schema_version": 0,
          "attributes": {
            "condition": [],
            "etag": "BwZTVuPbDfs=",
            "id": "projects/span-cloud-ck-testing-external/roles/spanner.databaseReader/serviceAccount:443856856628-compute@developer.gserviceaccount.com",
            "member": "serviceAccount:443856856628-compute@developer.gserviceaccount.com",
            "project": "projects/span-cloud-ck-testing-external",
            "role": "roles/spanner.databaseReader"
          },
          "sensitive_attributes": [],
          "private": "bnVsbA==",
          "dependencies": [
            "data.google_compute_default_service_account.gce_account",
            "data.google_project.project",
            "google_project_service.enabled_apis"
          ]
        },
        {
          "index_key": "roles/storage.objectViewer",
          "schema_version": 0,
          "attributes": {
            "condition": [],
            "etag": "BwZTVuPbDfs=",
            "id": "projects/span-cloud-ck-testing-external/roles/storage.objectViewer/serviceAccount:443856856628-compute@developer.gserviceaccount.com",
            "member": "serviceAccount:443856856628-compute@developer.gserviceaccount.com",
            "project": "projects/span-cloud-ck-testing-external",
            "role": "roles/storage.objectViewer"
          },
          "sensitive_attributes": [],
          "private": "bnVsbA==",
          "dependencies": [
            "data.google_compute_default_service_account.gce_account",
            "data.google_project.project",
            "google_project_service.enabled_apis"
          ]
        },
        {
          "index_key": "roles/viewer",
          "schema_version": 0,
          "attributes": {
            "condition": [],
            "etag": "BwZTVuPbDfs=",
            "id": "projects/span-cloud-ck-testing-external/roles/viewer/serviceAccount:443856856628-compute@developer.gserviceaccount.com",
            "member": "serviceAccount:443856856628-compute@developer.gserviceaccount.com",
            "project": "projects/span-cloud-ck-testing-external",
            "role": "roles/viewer"
          },
          "sensitive_attributes": [],
          "private": "bnVsbA==",
          "dependencies": [
            "data.google_compute_default_service_account.gce_account",
            "data.google_project.project",
            "google_project_service.enabled_apis"
          ]
        }
      ]
    },
    {
      "mode": "managed",
      "type": "google_project_service",
      "name": "enabled_apis",
      "provider": "provider[\"registry.terraform.io/hashicorp/google\"]",
      "instances": [
        {
          "index_key": "bigquery.googleapis.com",
          "schema_version": 0,
          "attributes": {
            "disable_dependent_services": null,
            "disable_on_destroy": false,
            "id": "span-cloud-ck-testing-external/bigquery.googleapis.com",
            "project": "span-cloud-ck-testing-external",
            "service": "bigquery.googleapis.com",
            "timeouts": null
          },
          "sensitive_attributes": [],
          "private": "eyJlMmJmYjczMC1lY2FhLTExZTYtOGY4OC0zNDM2M2JjN2M0YzAiOnsiY3JlYXRlIjoxMjAwMDAwMDAwMDAwLCJkZWxldGUiOjEyMDAwMDAwMDAwMDAsInJlYWQiOjYwMDAwMDAwMDAwMCwidXBkYXRlIjoxMjAwMDAwMDAwMDAwfX0="
        },
        {
          "index_key": "dataflow.googleapis.com",
          "schema_version": 0,
          "attributes": {
            "disable_dependent_services": null,
            "disable_on_destroy": false,
            "id": "span-cloud-ck-testing-external/dataflow.googleapis.com",
            "project": "span-cloud-ck-testing-external",
            "service": "dataflow.googleapis.com",
            "timeouts": null
          },
          "sensitive_attributes": [],
          "private": "eyJlMmJmYjczMC1lY2FhLTExZTYtOGY4OC0zNDM2M2JjN2M0YzAiOnsiY3JlYXRlIjoxMjAwMDAwMDAwMDAwLCJkZWxldGUiOjEyMDAwMDAwMDAwMDAsInJlYWQiOjYwMDAwMDAwMDAwMCwidXBkYXRlIjoxMjAwMDAwMDAwMDAwfX0="
        },
        {
          "index_key": "iam.googleapis.com",
          "schema_version": 0,
          "attributes": {
            "disable_dependent_services": null,
            "disable_on_destroy": false,
            "id": "span-cloud-ck-testing-external/iam.googleapis.com",
            "project": "span-cloud-ck-testing-external",
            "service": "iam.googleapis.com",
            "timeouts": null
          },
          "sensitive_attributes": [],
          "private": "eyJlMmJmYjczMC1lY2FhLTExZTYtOGY4OC0zNDM2M2JjN2M0YzAiOnsiY3JlYXRlIjoxMjAwMDAwMDAwMDAwLCJkZWxldGUiOjEyMDAwMDAwMDAwMDAsInJlYWQiOjYwMDAwMDAwMDAwMCwidXBkYXRlIjoxMjAwMDAwMDAwMDAwfX0="
        },
        {
          "index_key": "spanner.googleapis.com",
          "schema_version": 0,
          "attributes": {
            "disable_dependent_services": null,
            "disable_on_destroy": false,
            "id": "span-cloud-ck-testing-external/spanner.googleapis.com",
            "project": "span-cloud-ck-testing-external",
            "service": "spanner.googleapis.com",
            "timeouts": null
          },
          "sensitive_attributes": [],
          "private": "eyJlMmJmYjczMC1lY2FhLTExZTYtOGY4OC0zNDM2M2JjN2M0YzAiOnsiY3JlYXRlIjoxMjAwMDAwMDAwMDAwLCJkZWxldGUiOjEyMDAwMDAwMDAwMDAsInJlYWQiOjYwMDAwMDAwMDAwMCwidXBkYXRlIjoxMjAwMDAwMDAwMDAwfX0="
        },
        {
          "index_key": "storage.googleapis.com",
          "schema_version": 0,
          "attributes": {
            "disable_dependent_services": null,
            "disable_on_destroy": false,
            "id": "span-cloud-ck-testing-external/storage.googleapis.com",
            "project": "span-cloud-ck-testing-external",
            "service": "storage.googleapis.com",
            "timeouts": null
          },
          "sensitive_attributes": [],
          "private": "eyJlMmJmYjczMC1lY2FhLTExZTYtOGY4OC0zNDM2M2JjN2M0YzAiOnsiY3JlYXRlIjoxMjAwMDAwMDAwMDAwLCJkZWxldGUiOjEyMDAwMDAwMDAwMDAsInJlYWQiOjYwMDAwMDAwMDAwMCwidXBkYXRlIjoxMjAwMDAwMDAwMDAwfX0="
        }
      ]
    }
  ],
  "check_results": null
}
